
Microsoft Visual Studio Solution File, Format Version 12.00
Project("{FAE04EC0-301F-11D3-BF4B-00C04F79EFBC}") = "TurnBasedGame", "TurnBasedGame.csproj", "{14F8B97C-7841-4657-AD42-B82CAE343D32}"
EndProject
Global
	GlobalSection(SolutionConfigurationPlatforms) = preSolution
		Debug|Any CPU = Debug|Any CPU
		Release|Any CPU = Release|Any CPU
	EndGlobalSection
	GlobalSection(ProjectConfigurationPlatforms) = postSolution
		{14F8B97C-7841-4657-AD42-B82CAE343D32}.Debug|Any CPU.ActiveCfg = Debug|Any CPU
		{14F8B97C-7841-4657-AD42-B82CAE343D32}.Debug|Any CPU.Build.0 = Debug|Any CPU
		{14F8B97C-7841-4657-AD42-B82CAE343D32}.Release|Any CPU.ActiveCfg = Release|Any CPU
		{14F8B97C-7841-4657-AD42-B82CAE343D32}.Release|Any CPU.Build.0 = Release|Any CPU
	EndGlobalSection
EndGlobal
